// !$*UTF8*$!
{
	archiveVersion = 1;
	classes = {
	};
	objectVersion = 50;
	objects = {

/* Begin PBXBuildFile section */
		F03CFBFD22D8C6CE00A44632 /* ConcertsCell.swift in Sources */ = {isa = PBXBuildFile; fileRef = F03CFBFC22D8C6CE00A44632 /* ConcertsCell.swift */; };
		F03CFBFF22D9358600A44632 /* InfoArtistController.swift in Sources */ = {isa = PBXBuildFile; fileRef = F03CFBFE22D9358600A44632 /* InfoArtistController.swift */; };
		F03CFC0122D9360000A44632 /* InfoArtistView.swift in Sources */ = {isa = PBXBuildFile; fileRef = F03CFC0022D9360000A44632 /* InfoArtistView.swift */; };
		F03CFC0322D94FE300A44632 /* InfoArtistCell.swift in Sources */ = {isa = PBXBuildFile; fileRef = F03CFC0222D94FE300A44632 /* InfoArtistCell.swift */; };
		F054CF2922E50B3E000F6FFB /* InfoConcertsController.swift in Sources */ = {isa = PBXBuildFile; fileRef = F054CF2822E50B3E000F6FFB /* InfoConcertsController.swift */; };
		F054CF2B22E5167F000F6FFB /* ArtistCollectionCell.swift in Sources */ = {isa = PBXBuildFile; fileRef = F054CF2A22E5167F000F6FFB /* ArtistCollectionCell.swift */; };
		F054CF2D22E53320000F6FFB /* InfoConcertCell.swift in Sources */ = {isa = PBXBuildFile; fileRef = F054CF2C22E53320000F6FFB /* InfoConcertCell.swift */; };
		F054CF2F22E536AB000F6FFB /* InfoConcertView.swift in Sources */ = {isa = PBXBuildFile; fileRef = F054CF2E22E536AB000F6FFB /* InfoConcertView.swift */; };
		F08889BD22E0FCC300B8CFDE /* TopArtists.swift in Sources */ = {isa = PBXBuildFile; fileRef = F08889BC22E0FCC300B8CFDE /* TopArtists.swift */; };
		F08889BF22E0FCE000B8CFDE /* InfoArtist.swift in Sources */ = {isa = PBXBuildFile; fileRef = F08889BE22E0FCE000B8CFDE /* InfoArtist.swift */; };
		F08889C122E0FD1100B8CFDE /* Concert.swift in Sources */ = {isa = PBXBuildFile; fileRef = F08889C022E0FD1100B8CFDE /* Concert.swift */; };
		F08889C322E0FD2C00B8CFDE /* EventsHref.swift in Sources */ = {isa = PBXBuildFile; fileRef = F08889C222E0FD2C00B8CFDE /* EventsHref.swift */; };
		F08889C522E10F3700B8CFDE /* ApiProtocol.swift in Sources */ = {isa = PBXBuildFile; fileRef = F08889C422E10F3700B8CFDE /* ApiProtocol.swift */; };
		F097F16822E772BC002A3F5B /* ModeEcoView.swift in Sources */ = {isa = PBXBuildFile; fileRef = F097F16722E772BC002A3F5B /* ModeEcoView.swift */; };
		F097F16A22E79147002A3F5B /* ModeEco.swift in Sources */ = {isa = PBXBuildFile; fileRef = F097F16922E79147002A3F5B /* ModeEco.swift */; };
		F097F16C22E7A389002A3F5B /* ArtistProtocol.swift in Sources */ = {isa = PBXBuildFile; fileRef = F097F16B22E7A389002A3F5B /* ArtistProtocol.swift */; };
		F0ACDF9922E6B08A00C52191 /* ImageArtist.swift in Sources */ = {isa = PBXBuildFile; fileRef = F0ACDF9822E6B08A00C52191 /* ImageArtist.swift */; };
		F0ACDF9B22E6B0B400C52191 /* InfoConcert.swift in Sources */ = {isa = PBXBuildFile; fileRef = F0ACDF9A22E6B0B400C52191 /* InfoConcert.swift */; };
		F0AEA64722C56992009100D1 /* AppDelegate.swift in Sources */ = {isa = PBXBuildFile; fileRef = F0AEA64622C56992009100D1 /* AppDelegate.swift */; };
		F0AEA64C22C56992009100D1 /* Main.storyboard in Resources */ = {isa = PBXBuildFile; fileRef = F0AEA64A22C56992009100D1 /* Main.storyboard */; };
		F0AEA64F22C56992009100D1 /* MyConcerts.xcdatamodeld in Sources */ = {isa = PBXBuildFile; fileRef = F0AEA64D22C56992009100D1 /* MyConcerts.xcdatamodeld */; };
		F0AEA65122C56993009100D1 /* Assets.xcassets in Resources */ = {isa = PBXBuildFile; fileRef = F0AEA65022C56993009100D1 /* Assets.xcassets */; };
		F0AEA65422C56993009100D1 /* LaunchScreen.storyboard in Resources */ = {isa = PBXBuildFile; fileRef = F0AEA65222C56993009100D1 /* LaunchScreen.storyboard */; };
		F0AEA65F22C56993009100D1 /* MyConcertsTests.swift in Sources */ = {isa = PBXBuildFile; fileRef = F0AEA65E22C56993009100D1 /* MyConcertsTests.swift */; };
		F0AEA66E22C57634009100D1 /* ListArtistsController.swift in Sources */ = {isa = PBXBuildFile; fileRef = F0AEA66D22C57634009100D1 /* ListArtistsController.swift */; };
		F0AEA67222C576D6009100D1 /* extension.swift in Sources */ = {isa = PBXBuildFile; fileRef = F0AEA67122C576D6009100D1 /* extension.swift */; };
		F0AEA67622C58490009100D1 /* ArtistsCell.swift in Sources */ = {isa = PBXBuildFile; fileRef = F0AEA67522C58490009100D1 /* ArtistsCell.swift */; };
		F0AEA67822C7B653009100D1 /* ArtistController.swift in Sources */ = {isa = PBXBuildFile; fileRef = F0AEA67722C7B653009100D1 /* ArtistController.swift */; };
		F0AEA67A22C7C593009100D1 /* ArtistView.swift in Sources */ = {isa = PBXBuildFile; fileRef = F0AEA67922C7C593009100D1 /* ArtistView.swift */; };
/* End PBXBuildFile section */

/* Begin PBXContainerItemProxy section */
		F0AEA65B22C56993009100D1 /* PBXContainerItemProxy */ = {
			isa = PBXContainerItemProxy;
			containerPortal = F0AEA63B22C56992009100D1 /* Project object */;
			proxyType = 1;
			remoteGlobalIDString = F0AEA64222C56992009100D1;
			remoteInfo = MyConcerts;
		};
/* End PBXContainerItemProxy section */

/* Begin PBXFileReference section */
		F03CFBFC22D8C6CE00A44632 /* ConcertsCell.swift */ = {isa = PBXFileReference; lastKnownFileType = sourcecode.swift; path = ConcertsCell.swift; sourceTree = "<group>"; };
		F03CFBFE22D9358600A44632 /* InfoArtistController.swift */ = {isa = PBXFileReference; lastKnownFileType = sourcecode.swift; path = InfoArtistController.swift; sourceTree = "<group>"; };
		F03CFC0022D9360000A44632 /* InfoArtistView.swift */ = {isa = PBXFileReference; lastKnownFileType = sourcecode.swift; path = InfoArtistView.swift; sourceTree = "<group>"; };
		F03CFC0222D94FE300A44632 /* InfoArtistCell.swift */ = {isa = PBXFileReference; lastKnownFileType = sourcecode.swift; path = InfoArtistCell.swift; sourceTree = "<group>"; };
		F054CF2822E50B3E000F6FFB /* InfoConcertsController.swift */ = {isa = PBXFileReference; lastKnownFileType = sourcecode.swift; path = InfoConcertsController.swift; sourceTree = "<group>"; };
		F054CF2A22E5167F000F6FFB /* ArtistCollectionCell.swift */ = {isa = PBXFileReference; lastKnownFileType = sourcecode.swift; path = ArtistCollectionCell.swift; sourceTree = "<group>"; };
		F054CF2C22E53320000F6FFB /* InfoConcertCell.swift */ = {isa = PBXFileReference; lastKnownFileType = sourcecode.swift; path = InfoConcertCell.swift; sourceTree = "<group>"; };
		F054CF2E22E536AB000F6FFB /* InfoConcertView.swift */ = {isa = PBXFileReference; lastKnownFileType = sourcecode.swift; path = InfoConcertView.swift; sourceTree = "<group>"; };
		F08889BC22E0FCC300B8CFDE /* TopArtists.swift */ = {isa = PBXFileReference; lastKnownFileType = sourcecode.swift; path = TopArtists.swift; sourceTree = "<group>"; };
		F08889BE22E0FCE000B8CFDE /* InfoArtist.swift */ = {isa = PBXFileReference; lastKnownFileType = sourcecode.swift; path = InfoArtist.swift; sourceTree = "<group>"; };
		F08889C022E0FD1100B8CFDE /* Concert.swift */ = {isa = PBXFileReference; lastKnownFileType = sourcecode.swift; path = Concert.swift; sourceTree = "<group>"; };
		F08889C222E0FD2C00B8CFDE /* EventsHref.swift */ = {isa = PBXFileReference; lastKnownFileType = sourcecode.swift; path = EventsHref.swift; sourceTree = "<group>"; };
		F08889C422E10F3700B8CFDE /* ApiProtocol.swift */ = {isa = PBXFileReference; lastKnownFileType = sourcecode.swift; path = ApiProtocol.swift; sourceTree = "<group>"; };
		F097F16722E772BC002A3F5B /* ModeEcoView.swift */ = {isa = PBXFileReference; lastKnownFileType = sourcecode.swift; path = ModeEcoView.swift; sourceTree = "<group>"; };
		F097F16922E79147002A3F5B /* ModeEco.swift */ = {isa = PBXFileReference; lastKnownFileType = sourcecode.swift; path = ModeEco.swift; sourceTree = "<group>"; };
		F097F16B22E7A389002A3F5B /* ArtistProtocol.swift */ = {isa = PBXFileReference; lastKnownFileType = sourcecode.swift; path = ArtistProtocol.swift; sourceTree = "<group>"; };
		F0ACDF9822E6B08A00C52191 /* ImageArtist.swift */ = {isa = PBXFileReference; lastKnownFileType = sourcecode.swift; path = ImageArtist.swift; sourceTree = "<group>"; };
		F0ACDF9A22E6B0B400C52191 /* InfoConcert.swift */ = {isa = PBXFileReference; lastKnownFileType = sourcecode.swift; path = InfoConcert.swift; sourceTree = "<group>"; };
		F0AEA64322C56992009100D1 /* MyConcerts.app */ = {isa = PBXFileReference; explicitFileType = wrapper.application; includeInIndex = 0; path = MyConcerts.app; sourceTree = BUILT_PRODUCTS_DIR; };
		F0AEA64622C56992009100D1 /* AppDelegate.swift */ = {isa = PBXFileReference; lastKnownFileType = sourcecode.swift; path = AppDelegate.swift; sourceTree = "<group>"; };
		F0AEA64B22C56992009100D1 /* Base */ = {isa = PBXFileReference; lastKnownFileType = file.storyboard; name = Base; path = Base.lproj/Main.storyboard; sourceTree = "<group>"; };
		F0AEA64E22C56992009100D1 /* MyConcerts.xcdatamodel */ = {isa = PBXFileReference; lastKnownFileType = wrapper.xcdatamodel; path = MyConcerts.xcdatamodel; sourceTree = "<group>"; };
		F0AEA65022C56993009100D1 /* Assets.xcassets */ = {isa = PBXFileReference; lastKnownFileType = folder.assetcatalog; path = Assets.xcassets; sourceTree = "<group>"; };
		F0AEA65322C56993009100D1 /* Base */ = {isa = PBXFileReference; lastKnownFileType = file.storyboard; name = Base; path = Base.lproj/LaunchScreen.storyboard; sourceTree = "<group>"; };
		F0AEA65522C56993009100D1 /* Info.plist */ = {isa = PBXFileReference; lastKnownFileType = text.plist.xml; path = Info.plist; sourceTree = "<group>"; };
		F0AEA65A22C56993009100D1 /* MyConcertsTests.xctest */ = {isa = PBXFileReference; explicitFileType = wrapper.cfbundle; includeInIndex = 0; path = MyConcertsTests.xctest; sourceTree = BUILT_PRODUCTS_DIR; };
		F0AEA65E22C56993009100D1 /* MyConcertsTests.swift */ = {isa = PBXFileReference; lastKnownFileType = sourcecode.swift; path = MyConcertsTests.swift; sourceTree = "<group>"; };
		F0AEA66022C56993009100D1 /* Info.plist */ = {isa = PBXFileReference; lastKnownFileType = text.plist.xml; path = Info.plist; sourceTree = "<group>"; };
		F0AEA66D22C57634009100D1 /* ListArtistsController.swift */ = {isa = PBXFileReference; lastKnownFileType = sourcecode.swift; path = ListArtistsController.swift; sourceTree = "<group>"; };
		F0AEA67122C576D6009100D1 /* extension.swift */ = {isa = PBXFileReference; lastKnownFileType = sourcecode.swift; path = extension.swift; sourceTree = "<group>"; };
		F0AEA67522C58490009100D1 /* ArtistsCell.swift */ = {isa = PBXFileReference; lastKnownFileType = sourcecode.swift; path = ArtistsCell.swift; sourceTree = "<group>"; };
		F0AEA67722C7B653009100D1 /* ArtistController.swift */ = {isa = PBXFileReference; lastKnownFileType = sourcecode.swift; path = ArtistController.swift; sourceTree = "<group>"; };
		F0AEA67922C7C593009100D1 /* ArtistView.swift */ = {isa = PBXFileReference; lastKnownFileType = sourcecode.swift; path = ArtistView.swift; sourceTree = "<group>"; };
/* End PBXFileReference section */

/* Begin PBXFrameworksBuildPhase section */
		F0AEA64022C56992009100D1 /* Frameworks */ = {
			isa = PBXFrameworksBuildPhase;
			buildActionMask = 2147483647;
			files = (
			);
			runOnlyForDeploymentPostprocessing = 0;
		};
		F0AEA65722C56993009100D1 /* Frameworks */ = {
			isa = PBXFrameworksBuildPhase;
			buildActionMask = 2147483647;
			files = (
			);
			runOnlyForDeploymentPostprocessing = 0;
		};
/* End PBXFrameworksBuildPhase section */

/* Begin PBXGroup section */
		F0AEA63A22C56992009100D1 = {
			isa = PBXGroup;
			children = (
				F0AEA64522C56992009100D1 /* MyConcerts */,
				F0AEA65D22C56993009100D1 /* MyConcertsTests */,
				F0AEA64422C56992009100D1 /* Products */,
			);
			sourceTree = "<group>";
		};
		F0AEA64422C56992009100D1 /* Products */ = {
			isa = PBXGroup;
			children = (
				F0AEA64322C56992009100D1 /* MyConcerts.app */,
				F0AEA65A22C56993009100D1 /* MyConcertsTests.xctest */,
			);
			name = Products;
			sourceTree = "<group>";
		};
		F0AEA64522C56992009100D1 /* MyConcerts */ = {
			isa = PBXGroup;
			children = (
				F0AEA66922C573F9009100D1 /* Model */,
				F0AEA66A22C57401009100D1 /* View */,
				F0AEA66B22C57407009100D1 /* Controller */,
				F0AEA66C22C574B2009100D1 /* Supporting Files */,
				F0AEA65522C56993009100D1 /* Info.plist */,
			);
			path = MyConcerts;
			sourceTree = "<group>";
		};
		F0AEA65D22C56993009100D1 /* MyConcertsTests */ = {
			isa = PBXGroup;
			children = (
				F0AEA65E22C56993009100D1 /* MyConcertsTests.swift */,
				F0AEA66022C56993009100D1 /* Info.plist */,
			);
			path = MyConcertsTests;
			sourceTree = "<group>";
		};
		F0AEA66922C573F9009100D1 /* Model */ = {
			isa = PBXGroup;
			children = (
				F0AEA64D22C56992009100D1 /* MyConcerts.xcdatamodeld */,
				F08889C422E10F3700B8CFDE /* ApiProtocol.swift */,
				F097F16B22E7A389002A3F5B /* ArtistProtocol.swift */,
				F08889BC22E0FCC300B8CFDE /* TopArtists.swift */,
				F08889BE22E0FCE000B8CFDE /* InfoArtist.swift */,
				F08889C022E0FD1100B8CFDE /* Concert.swift */,
				F08889C222E0FD2C00B8CFDE /* EventsHref.swift */,
				F0ACDF9822E6B08A00C52191 /* ImageArtist.swift */,
				F0ACDF9A22E6B0B400C52191 /* InfoConcert.swift */,
				F097F16922E79147002A3F5B /* ModeEco.swift */,
			);
			path = Model;
			sourceTree = "<group>";
		};
		F0AEA66A22C57401009100D1 /* View */ = {
			isa = PBXGroup;
			children = (
				F0AEA67522C58490009100D1 /* ArtistsCell.swift */,
				F0AEA67922C7C593009100D1 /* ArtistView.swift */,
				F03CFBFC22D8C6CE00A44632 /* ConcertsCell.swift */,
				F03CFC0022D9360000A44632 /* InfoArtistView.swift */,
				F03CFC0222D94FE300A44632 /* InfoArtistCell.swift */,
				F054CF2A22E5167F000F6FFB /* ArtistCollectionCell.swift */,
				F054CF2C22E53320000F6FFB /* InfoConcertCell.swift */,
				F054CF2E22E536AB000F6FFB /* InfoConcertView.swift */,
				F097F16722E772BC002A3F5B /* ModeEcoView.swift */,
			);
			path = View;
			sourceTree = "<group>";
		};
		F0AEA66B22C57407009100D1 /* Controller */ = {
			isa = PBXGroup;
			children = (
				F0AEA64A22C56992009100D1 /* Main.storyboard */,
				F0AEA66D22C57634009100D1 /* ListArtistsController.swift */,
				F0AEA67722C7B653009100D1 /* ArtistController.swift */,
				F03CFBFE22D9358600A44632 /* InfoArtistController.swift */,
				F054CF2822E50B3E000F6FFB /* InfoConcertsController.swift */,
			);
			path = Controller;
			sourceTree = "<group>";
		};
		F0AEA66C22C574B2009100D1 /* Supporting Files */ = {
			isa = PBXGroup;
			children = (
				F0AEA65222C56993009100D1 /* LaunchScreen.storyboard */,
				F0AEA64622C56992009100D1 /* AppDelegate.swift */,
				F0AEA65022C56993009100D1 /* Assets.xcassets */,
				F0AEA67122C576D6009100D1 /* extension.swift */,
			);
			path = "Supporting Files";
			sourceTree = "<group>";
		};
/* End PBXGroup section */

/* Begin PBXNativeTarget section */
		F0AEA64222C56992009100D1 /* MyConcerts */ = {
			isa = PBXNativeTarget;
			buildConfigurationList = F0AEA66322C56993009100D1 /* Build configuration list for PBXNativeTarget "MyConcerts" */;
			buildPhases = (
				F0AEA63F22C56992009100D1 /* Sources */,
				F0AEA64022C56992009100D1 /* Frameworks */,
				F0AEA64122C56992009100D1 /* Resources */,
			);
			buildRules = (
			);
			dependencies = (
			);
			name = MyConcerts;
			productName = MyConcerts;
			productReference = F0AEA64322C56992009100D1 /* MyConcerts.app */;
			productType = "com.apple.product-type.application";
		};
		F0AEA65922C56993009100D1 /* MyConcertsTests */ = {
			isa = PBXNativeTarget;
			buildConfigurationList = F0AEA66622C56993009100D1 /* Build configuration list for PBXNativeTarget "MyConcertsTests" */;
			buildPhases = (
				F0AEA65622C56993009100D1 /* Sources */,
				F0AEA65722C56993009100D1 /* Frameworks */,
				F0AEA65822C56993009100D1 /* Resources */,
			);
			buildRules = (
			);
			dependencies = (
				F0AEA65C22C56993009100D1 /* PBXTargetDependency */,
			);
			name = MyConcertsTests;
			productName = MyConcertsTests;
			productReference = F0AEA65A22C56993009100D1 /* MyConcertsTests.xctest */;
			productType = "com.apple.product-type.bundle.unit-test";
		};
/* End PBXNativeTarget section */

/* Begin PBXProject section */
		F0AEA63B22C56992009100D1 /* Project object */ = {
			isa = PBXProject;
			attributes = {
				LastSwiftUpdateCheck = 1020;
				LastUpgradeCheck = 1020;
				ORGANIZATIONNAME = "Guillaume Djaider Fornari";
				TargetAttributes = {
					F0AEA64222C56992009100D1 = {
						CreatedOnToolsVersion = 10.2.1;
					};
					F0AEA65922C56993009100D1 = {
						CreatedOnToolsVersion = 10.2.1;
						TestTargetID = F0AEA64222C56992009100D1;
					};
				};
			};
			buildConfigurationList = F0AEA63E22C56992009100D1 /* Build configuration list for PBXProject "MyConcerts" */;
			compatibilityVersion = "Xcode 9.3";
			developmentRegion = en;
			hasScannedForEncodings = 0;
			knownRegions = (
				en,
				Base,
			);
			mainGroup = F0AEA63A22C56992009100D1;
			productRefGroup = F0AEA64422C56992009100D1 /* Products */;
			projectDirPath = "";
			projectRoot = "";
			targets = (
				F0AEA64222C56992009100D1 /* MyConcerts */,
				F0AEA65922C56993009100D1 /* MyConcertsTests */,
			);
		};
/* End PBXProject section */

/* Begin PBXResourcesBuildPhase section */
		F0AEA64122C56992009100D1 /* Resources */ = {
			isa = PBXResourcesBuildPhase;
			buildActionMask = 2147483647;
			files = (
				F0AEA65422C56993009100D1 /* LaunchScreen.storyboard in Resources */,
				F0AEA65122C56993009100D1 /* Assets.xcassets in Resources */,
				F0AEA64C22C56992009100D1 /* Main.storyboard in Resources */,
			);
			runOnlyForDeploymentPostprocessing = 0;
		};
		F0AEA65822C56993009100D1 /* Resources */ = {
			isa = PBXResourcesBuildPhase;
			buildActionMask = 2147483647;
			files = (
			);
			runOnlyForDeploymentPostprocessing = 0;
		};
/* End PBXResourcesBuildPhase section */

/* Begin PBXSourcesBuildPhase section */
		F0AEA63F22C56992009100D1 /* Sources */ = {
			isa = PBXSourcesBuildPhase;
			buildActionMask = 2147483647;
			files = (
				F0AEA67622C58490009100D1 /* ArtistsCell.swift in Sources */,
				F0AEA64722C56992009100D1 /* AppDelegate.swift in Sources */,
				F054CF2D22E53320000F6FFB /* InfoConcertCell.swift in Sources */,
				F0AEA64F22C56992009100D1 /* MyConcerts.xcdatamodeld in Sources */,
				F08889BF22E0FCE000B8CFDE /* InfoArtist.swift in Sources */,
				F054CF2F22E536AB000F6FFB /* InfoConcertView.swift in Sources */,
				F08889C322E0FD2C00B8CFDE /* EventsHref.swift in Sources */,
				F054CF2922E50B3E000F6FFB /* InfoConcertsController.swift in Sources */,
				F08889BD22E0FCC300B8CFDE /* TopArtists.swift in Sources */,
				F08889C122E0FD1100B8CFDE /* Concert.swift in Sources */,
				F0AEA67822C7B653009100D1 /* ArtistController.swift in Sources */,
				F097F16C22E7A389002A3F5B /* ArtistProtocol.swift in Sources */,
				F0ACDF9922E6B08A00C52191 /* ImageArtist.swift in Sources */,
				F097F16A22E79147002A3F5B /* ModeEco.swift in Sources */,
				F0AEA67222C576D6009100D1 /* extension.swift in Sources */,
				F054CF2B22E5167F000F6FFB /* ArtistCollectionCell.swift in Sources */,
				F0ACDF9B22E6B0B400C52191 /* InfoConcert.swift in Sources */,
				F03CFBFF22D9358600A44632 /* InfoArtistController.swift in Sources */,
				F0AEA66E22C57634009100D1 /* ListArtistsController.swift in Sources */,
				F03CFC0322D94FE300A44632 /* InfoArtistCell.swift in Sources */,
				F03CFC0122D9360000A44632 /* InfoArtistView.swift in Sources */,
				F08889C522E10F3700B8CFDE /* ApiProtocol.swift in Sources */,
				F03CFBFD22D8C6CE00A44632 /* ConcertsCell.swift in Sources */,
				F0AEA67A22C7C593009100D1 /* ArtistView.swift in Sources */,
				F097F16822E772BC002A3F5B /* ModeEcoView.swift in Sources */,
			);
			runOnlyForDeploymentPostprocessing = 0;
		};
		F0AEA65622C56993009100D1 /* Sources */ = {
			isa = PBXSourcesBuildPhase;
			buildActionMask = 2147483647;
			files = (
				F0AEA65F22C56993009100D1 /* MyConcertsTests.swift in Sources */,
			);
			runOnlyForDeploymentPostprocessing = 0;
		};
/* End PBXSourcesBuildPhase section */

/* Begin PBXTargetDependency section */
		F0AEA65C22C56993009100D1 /* PBXTargetDependency */ = {
			isa = PBXTargetDependency;
			target = F0AEA64222C56992009100D1 /* MyConcerts */;
			targetProxy = F0AEA65B22C56993009100D1 /* PBXContainerItemProxy */;
		};
/* End PBXTargetDependency section */

/* Begin PBXVariantGroup section */
		F0AEA64A22C56992009100D1 /* Main.storyboard */ = {
			isa = PBXVariantGroup;
			children = (
				F0AEA64B22C56992009100D1 /* Base */,
			);
			name = Main.storyboard;
			sourceTree = "<group>";
		};
		F0AEA65222C56993009100D1 /* LaunchScreen.storyboard */ = {
			isa = PBXVariantGroup;
			children = (
				F0AEA65322C56993009100D1 /* Base */,
			);
			name = LaunchScreen.storyboard;
			sourceTree = "<group>";
		};
/* End PBXVariantGroup section */

/* Begin XCBuildConfiguration section */
		F0AEA66122C56993009100D1 /* Debug */ = {
			isa = XCBuildConfiguration;
			buildSettings = {
				ALWAYS_SEARCH_USER_PATHS = NO;
				CLANG_ANALYZER_NONNULL = YES;
				CLANG_ANALYZER_NUMBER_OBJECT_CONVERSION = YES_AGGRESSIVE;
				CLANG_CXX_LANGUAGE_STANDARD = "gnu++14";
				CLANG_CXX_LIBRARY = "libc++";
				CLANG_ENABLE_MODULES = YES;
				CLANG_ENABLE_OBJC_ARC = YES;
				CLANG_ENABLE_OBJC_WEAK = YES;
				CLANG_WARN_BLOCK_CAPTURE_AUTORELEASING = YES;
				CLANG_WARN_BOOL_CONVERSION = YES;
				CLANG_WARN_COMMA = YES;
				CLANG_WARN_CONSTANT_CONVERSION = YES;
				CLANG_WARN_DEPRECATED_OBJC_IMPLEMENTATIONS = YES;
				CLANG_WARN_DIRECT_OBJC_ISA_USAGE = YES_ERROR;
				CLANG_WARN_DOCUMENTATION_COMMENTS = YES;
				CLANG_WARN_EMPTY_BODY = YES;
				CLANG_WARN_ENUM_CONVERSION = YES;
				CLANG_WARN_INFINITE_RECURSION = YES;
				CLANG_WARN_INT_CONVERSION = YES;
				CLANG_WARN_NON_LITERAL_NULL_CONVERSION = YES;
				CLANG_WARN_OBJC_IMPLICIT_RETAIN_SELF = YES;
				CLANG_WARN_OBJC_LITERAL_CONVERSION = YES;
				CLANG_WARN_OBJC_ROOT_CLASS = YES_ERROR;
				CLANG_WARN_RANGE_LOOP_ANALYSIS = YES;
				CLANG_WARN_STRICT_PROTOTYPES = YES;
				CLANG_WARN_SUSPICIOUS_MOVE = YES;
				CLANG_WARN_UNGUARDED_AVAILABILITY = YES_AGGRESSIVE;
				CLANG_WARN_UNREACHABLE_CODE = YES;
				CLANG_WARN__DUPLICATE_METHOD_MATCH = YES;
				CODE_SIGN_IDENTITY = "iPhone Developer";
				COPY_PHASE_STRIP = NO;
				DEBUG_INFORMATION_FORMAT = dwarf;
				ENABLE_STRICT_OBJC_MSGSEND = YES;
				ENABLE_TESTABILITY = YES;
				GCC_C_LANGUAGE_STANDARD = gnu11;
				GCC_DYNAMIC_NO_PIC = NO;
				GCC_NO_COMMON_BLOCKS = YES;
				GCC_OPTIMIZATION_LEVEL = 0;
				GCC_PREPROCESSOR_DEFINITIONS = (
					"DEBUG=1",
					"$(inherited)",
				);
				GCC_WARN_64_TO_32_BIT_CONVERSION = YES;
				GCC_WARN_ABOUT_RETURN_TYPE = YES_ERROR;
				GCC_WARN_UNDECLARED_SELECTOR = YES;
				GCC_WARN_UNINITIALIZED_AUTOS = YES_AGGRESSIVE;
				GCC_WARN_UNUSED_FUNCTION = YES;
				GCC_WARN_UNUSED_VARIABLE = YES;
				IPHONEOS_DEPLOYMENT_TARGET = 12.2;
				MTL_ENABLE_DEBUG_INFO = INCLUDE_SOURCE;
				MTL_FAST_MATH = YES;
				ONLY_ACTIVE_ARCH = YES;
				SDKROOT = iphoneos;
				SWIFT_ACTIVE_COMPILATION_CONDITIONS = DEBUG;
				SWIFT_OPTIMIZATION_LEVEL = "-Onone";
			};
			name = Debug;
		};
		F0AEA66222C56993009100D1 /* Release */ = {
			isa = XCBuildConfiguration;
			buildSettings = {
				ALWAYS_SEARCH_USER_PATHS = NO;
				CLANG_ANALYZER_NONNULL = YES;
				CLANG_ANALYZER_NUMBER_OBJECT_CONVERSION = YES_AGGRESSIVE;
				CLANG_CXX_LANGUAGE_STANDARD = "gnu++14";
				CLANG_CXX_LIBRARY = "libc++";
				CLANG_ENABLE_MODULES = YES;
				CLANG_ENABLE_OBJC_ARC = YES;
				CLANG_ENABLE_OBJC_WEAK = YES;
				CLANG_WARN_BLOCK_CAPTURE_AUTORELEASING = YES;
				CLANG_WARN_BOOL_CONVERSION = YES;
				CLANG_WARN_COMMA = YES;
				CLANG_WARN_CONSTANT_CONVERSION = YES;
				CLANG_WARN_DEPRECATED_OBJC_IMPLEMENTATIONS = YES;
				CLANG_WARN_DIRECT_OBJC_ISA_USAGE = YES_ERROR;
				CLANG_WARN_DOCUMENTATION_COMMENTS = YES;
				CLANG_WARN_EMPTY_BODY = YES;
				CLANG_WARN_ENUM_CONVERSION = YES;
				CLANG_WARN_INFINITE_RECURSION = YES;
				CLANG_WARN_INT_CONVERSION = YES;
				CLANG_WARN_NON_LITERAL_NULL_CONVERSION = YES;
				CLANG_WARN_OBJC_IMPLICIT_RETAIN_SELF = YES;
				CLANG_WARN_OBJC_LITERAL_CONVERSION = YES;
				CLANG_WARN_OBJC_ROOT_CLASS = YES_ERROR;
				CLANG_WARN_RANGE_LOOP_ANALYSIS = YES;
				CLANG_WARN_STRICT_PROTOTYPES = YES;
				CLANG_WARN_SUSPICIOUS_MOVE = YES;
				CLANG_WARN_UNGUARDED_AVAILABILITY = YES_AGGRESSIVE;
				CLANG_WARN_UNREACHABLE_CODE = YES;
				CLANG_WARN__DUPLICATE_METHOD_MATCH = YES;
				CODE_SIGN_IDENTITY = "iPhone Developer";
				COPY_PHASE_STRIP = NO;
				DEBUG_INFORMATION_FORMAT = "dwarf-with-dsym";
				ENABLE_NS_ASSERTIONS = NO;
				ENABLE_STRICT_OBJC_MSGSEND = YES;
				GCC_C_LANGUAGE_STANDARD = gnu11;
				GCC_NO_COMMON_BLOCKS = YES;
				GCC_WARN_64_TO_32_BIT_CONVERSION = YES;
				GCC_WARN_ABOUT_RETURN_TYPE = YES_ERROR;
				GCC_WARN_UNDECLARED_SELECTOR = YES;
				GCC_WARN_UNINITIALIZED_AUTOS = YES_AGGRESSIVE;
				GCC_WARN_UNUSED_FUNCTION = YES;
				GCC_WARN_UNUSED_VARIABLE = YES;
				IPHONEOS_DEPLOYMENT_TARGET = 12.2;
				MTL_ENABLE_DEBUG_INFO = NO;
				MTL_FAST_MATH = YES;
				SDKROOT = iphoneos;
				SWIFT_COMPILATION_MODE = wholemodule;
				SWIFT_OPTIMIZATION_LEVEL = "-O";
				VALIDATE_PRODUCT = YES;
			};
			name = Release;
		};
		F0AEA66422C56993009100D1 /* Debug */ = {
			isa = XCBuildConfiguration;
			buildSettings = {
				ASSETCATALOG_COMPILER_APPICON_NAME = AppIcon;
				CODE_SIGN_STYLE = Automatic;
				DEVELOPMENT_TEAM = 69X4D33E8B;
				INFOPLIST_FILE = MyConcerts/Info.plist;
				LD_RUNPATH_SEARCH_PATHS = (
					"$(inherited)",
					"@executable_path/Frameworks",
				);
				PRODUCT_BUNDLE_IDENTIFIER = Guillaume.MyConcerts;
				PRODUCT_NAME = "$(TARGET_NAME)";
				SWIFT_VERSION = 5.0;
				TARGETED_DEVICE_FAMILY = 1;
			};
			name = Debug;
		};
		F0AEA66522C56993009100D1 /* Release */ = {
			isa = XCBuildConfiguration;
			buildSettings = {
				ASSETCATALOG_COMPILER_APPICON_NAME = AppIcon;
				CODE_SIGN_STYLE = Automatic;
				DEVELOPMENT_TEAM = 69X4D33E8B;
				INFOPLIST_FILE = MyConcerts/Info.plist;
				LD_RUNPATH_SEARCH_PATHS = (
					"$(inherited)",
					"@executable_path/Frameworks",
				);
				PRODUCT_BUNDLE_IDENTIFIER = Guillaume.MyConcerts;
				PRODUCT_NAME = "$(TARGET_NAME)";
				SWIFT_VERSION = 5.0;
				TARGETED_DEVICE_FAMILY = 1;
			};
			name = Release;
		};
		F0AEA66722C56993009100D1 /* Debug */ = {
			isa = XCBuildConfiguration;
			buildSettings = {
				ALWAYS_EMBED_SWIFT_STANDARD_LIBRARIES = YES;
				BUNDLE_LOADER = "$(TEST_HOST)";
				CODE_SIGN_STYLE = Automatic;
				DEVELOPMENT_TEAM = 69X4D33E8B;
				INFOPLIST_FILE = MyConcertsTests/Info.plist;
				LD_RUNPATH_SEARCH_PATHS = (
					"$(inherited)",
					"@executable_path/Frameworks",
					"@loader_path/Frameworks",
				);
				PRODUCT_BUNDLE_IDENTIFIER = Guillaume.MyConcertsTests;
				PRODUCT_NAME = "$(TARGET_NAME)";
				SWIFT_VERSION = 5.0;
				TARGETED_DEVICE_FAMILY = "1,2";
				TEST_HOST = "$(BUILT_PRODUCTS_DIR)/MyConcerts.app/MyConcerts";
			};
			name = Debug;
		};
		F0AEA66822C56993009100D1 /* Release */ = {
			isa = XCBuildConfiguration;
			buildSettings = {
				ALWAYS_EMBED_SWIFT_STANDARD_LIBRARIES = YES;
				BUNDLE_LOADER = "$(TEST_HOST)";
				CODE_SIGN_STYLE = Automatic;
				DEVELOPMENT_TEAM = 69X4D33E8B;
				INFOPLIST_FILE = MyConcertsTests/Info.plist;
				LD_RUNPATH_SEARCH_PATHS = (
					"$(inherited)",
					"@executable_path/Frameworks",
					"@loader_path/Frameworks",
				);
				PRODUCT_BUNDLE_IDENTIFIER = Guillaume.MyConcertsTests;
				PRODUCT_NAME = "$(TARGET_NAME)";
				SWIFT_VERSION = 5.0;
				TARGETED_DEVICE_FAMILY = "1,2";
				TEST_HOST = "$(BUILT_PRODUCTS_DIR)/MyConcerts.app/MyConcerts";
			};
			name = Release;
		};
/* End XCBuildConfiguration section */

/* Begin XCConfigurationList section */
		F0AEA63E22C56992009100D1 /* Build configuration list for PBXProject "MyConcerts" */ = {
			isa = XCConfigurationList;
			buildConfigurations = (
				F0AEA66122C56993009100D1 /* Debug */,
				F0AEA66222C56993009100D1 /* Release */,
			);
			defaultConfigurationIsVisible = 0;
			defaultConfigurationName = Release;
		};
		F0AEA66322C56993009100D1 /* Build configuration list for PBXNativeTarget "MyConcerts" */ = {
			isa = XCConfigurationList;
			buildConfigurations = (
				F0AEA66422C56993009100D1 /* Debug */,
				F0AEA66522C56993009100D1 /* Release */,
			);
			defaultConfigurationIsVisible = 0;
			defaultConfigurationName = Release;
		};
		F0AEA66622C56993009100D1 /* Build configuration list for PBXNativeTarget "MyConcertsTests" */ = {
			isa = XCConfigurationList;
			buildConfigurations = (
				F0AEA66722C56993009100D1 /* Debug */,
				F0AEA66822C56993009100D1 /* Release */,
			);
			defaultConfigurationIsVisible = 0;
			defaultConfigurationName = Release;
		};
/* End XCConfigurationList section */

/* Begin XCVersionGroup section */
		F0AEA64D22C56992009100D1 /* MyConcerts.xcdatamodeld */ = {
			isa = XCVersionGroup;
			children = (
				F0AEA64E22C56992009100D1 /* MyConcerts.xcdatamodel */,
			);
			currentVersion = F0AEA64E22C56992009100D1 /* MyConcerts.xcdatamodel */;
			path = MyConcerts.xcdatamodeld;
			sourceTree = "<group>";
			versionGroupType = wrapper.xcdatamodel;
		};
/* End XCVersionGroup section */
	};
	rootObject = F0AEA63B22C56992009100D1 /* Project object */;
}
